<Solution>
  <Folder Name="/tests/">
    <Project Path="tests/web-api.IntegrationTests/web-api.IntegrationTests.csproj" />
  </Folder>
  <Project Path="api-contracts/api-contracts.csproj" />
  <Project Path="core/core.csproj" />
  <Project Path="infrastructure/infrastructure.csproj" />
  <Project Path="web-api/web-api.csproj" />
  <Project Path="worker/worker.csproj" />
</Solution>
